
Microsoft Visual Studio Solution File, Format Version 12.00
# Visual Studio 15
VisualStudioVersion = 15.0.26403.7
MinimumVisualStudioVersion = 10.0.40219.1
Project("{FAE04EC0-301F-11D3-BF4B-00C04F79EFBC}") = "MusicLibrary", "MusicLibrary.csproj", "{980085FF-A6C5-453A-8024-13681A3162A3}"
EndProject
Project("{FAE04EC0-301F-11D3-BF4B-00C04F79EFBC}") = "CodedUITestProject", "..\CodedUITestProject\CodedUITestProject.csproj", "{0A35B225-9B48-444E-928D-B8F314C35F31}"
EndProject
Project("{FAE04EC0-301F-11D3-BF4B-00C04F79EFBC}") = "NUnitMusicLibrary", "..\NUnitMusicLibrary\NUnitMusicLibrary.csproj", "{8EDF4429-251A-416D-BB68-93F227191BCF}"
EndProject
Project("{54435603-DBB4-11D2-8724-00A0C9A8B90C}") = "Setup", "..\Setup\Setup.vdproj", "{6FA12439-21E5-4E5A-BB84-4A09DCE395D1}"
EndProject
Global
	GlobalSection(SolutionConfigurationPlatforms) = preSolution
		Debug|Any CPU = Debug|Any CPU
		Release|Any CPU = Release|Any CPU
	EndGlobalSection
	GlobalSection(ProjectConfigurationPlatforms) = postSolution
		{980085FF-A6C5-453A-8024-13681A3162A3}.Debug|Any CPU.ActiveCfg = Debug|Any CPU
		{980085FF-A6C5-453A-8024-13681A3162A3}.Debug|Any CPU.Build.0 = Debug|Any CPU
		{980085FF-A6C5-453A-8024-13681A3162A3}.Release|Any CPU.ActiveCfg = Release|Any CPU
		{980085FF-A6C5-453A-8024-13681A3162A3}.Release|Any CPU.Build.0 = Release|Any CPU
		{0A35B225-9B48-444E-928D-B8F314C35F31}.Debug|Any CPU.ActiveCfg = Debug|Any CPU
		{0A35B225-9B48-444E-928D-B8F314C35F31}.Debug|Any CPU.Build.0 = Debug|Any CPU
		{0A35B225-9B48-444E-928D-B8F314C35F31}.Release|Any CPU.ActiveCfg = Release|Any CPU
		{0A35B225-9B48-444E-928D-B8F314C35F31}.Release|Any CPU.Build.0 = Release|Any CPU
		{8EDF4429-251A-416D-BB68-93F227191BCF}.Debug|Any CPU.ActiveCfg = Debug|Any CPU
		{8EDF4429-251A-416D-BB68-93F227191BCF}.Debug|Any CPU.Build.0 = Debug|Any CPU
		{8EDF4429-251A-416D-BB68-93F227191BCF}.Release|Any CPU.ActiveCfg = Release|Any CPU
		{8EDF4429-251A-416D-BB68-93F227191BCF}.Release|Any CPU.Build.0 = Release|Any CPU
		{6FA12439-21E5-4E5A-BB84-4A09DCE395D1}.Debug|Any CPU.ActiveCfg = Debug
		{6FA12439-21E5-4E5A-BB84-4A09DCE395D1}.Release|Any CPU.ActiveCfg = Release
	EndGlobalSection
	GlobalSection(SolutionProperties) = preSolution
		HideSolutionNode = FALSE
	EndGlobalSection
EndGlobal
